
Microsoft Visual Studio Solution File, Format Version 12.00
# Visual Studio 15
VisualStudioVersion = 15.0.27703.2000
MinimumVisualStudioVersion = 10.0.40219.1
Project("{9A19103F-16F7-4668-BE54-9A1E7A4F7556}") = "Grotesque", "Grotesque\Grotesque.csproj", "{1FF32E82-0AE5-43E0-AFF7-7269A6DBD7F0}"
EndProject
Global
	GlobalSection(SolutionConfigurationPlatforms) = preSolution
		Debug|Any CPU = Debug|Any CPU
		Release|Any CPU = Release|Any CPU
	EndGlobalSection
	GlobalSection(ProjectConfigurationPlatforms) = postSolution
		{1FF32E82-0AE5-43E0-AFF7-7269A6DBD7F0}.Debug|Any CPU.ActiveCfg = Debug|Any CPU
		{1FF32E82-0AE5-43E0-AFF7-7269A6DBD7F0}.Debug|Any CPU.Build.0 = Debug|Any CPU
		{1FF32E82-0AE5-43E0-AFF7-7269A6DBD7F0}.Release|Any CPU.ActiveCfg = Release|Any CPU
		{1FF32E82-0AE5-43E0-AFF7-7269A6DBD7F0}.Release|Any CPU.Build.0 = Release|Any CPU
	EndGlobalSection
	GlobalSection(SolutionProperties) = preSolution
		HideSolutionNode = FALSE
	EndGlobalSection
	GlobalSection(ExtensibilityGlobals) = postSolution
		SolutionGuid = {F9965B6F-E5BC-4A15-A0C9-CB51ACFE1B16}
	EndGlobalSection
EndGlobal
